{
  "name": "typescript_max",
  "version": "1.0.0",
  "lockfileVersion": 1,
  "requires": true,
  "dependencies": {
    "@types/jquery": {
      "version": "3.3.13",
      "resolved": "https://registry.npmjs.org/@types/jquery/-/jquery-3.3.13.tgz",
      "integrity": "sha512-jXHKq6iTh+HWOsOIwKwcRUqMojZhe4ngggyIlRG+rZIqxUpHv1vQbe5b5hm4eTw2CoX02AZrryJGcSV6ux9EKw==",
      "dev": true,
      "requires": {
        "@types/sizzle": "*"
      }
    },
    "@types/sizzle": {
      "version": "2.3.2",
      "resolved": "https://registry.npmjs.org/@types/sizzle/-/sizzle-2.3.2.tgz",
      "integrity": "sha512-7EJYyKTL7tFR8+gDbB6Wwz/arpGa0Mywk1TJbNzKzHtzbwVmY4HR9WqS5VV7dsBUKQmPNr192jHr/VpBluj/hg==",
      "dev": true
    },
    "jquery": {
      "version": "3.3.1",
      "resolved": "https://registry.npmjs.org/jquery/-/jquery-3.3.1.tgz",
      "integrity": "sha512-Ubldcmxp5np52/ENotGxlLe6aGMvmF4R8S6tZjsP6Knsaxd/xp3Zrh50cG93lR6nPXyUFwzN3ZSOQI0wRJNdGg=="
    },
    "systemjs": {
      "version": "0.21.5",
      "resolved": "https://registry.npmjs.org/systemjs/-/systemjs-0.21.5.tgz",
      "integrity": "sha512-GWzZhN/x7Fsae2CYkz2GF7OgOS+YDgKulcgd5L1kTogZHMKDrPx5T8zI8I0y5RoU9Dx78Z7j1XMfuFa1thD84A=="
    },
    "typescript": {
      "version": "3.1.1",
      "resolved": "https://registry.npmjs.org/typescript/-/typescript-3.1.1.tgz",
      "integrity": "sha512-Veu0w4dTc/9wlWNf2jeRInNodKlcdLgemvPsrNpfu5Pq39sgfFjvIIgTsvUHCoLBnMhPoUA+tFxsXjU6VexVRQ==",
      "dev": true
    }
  }
}
